
Microsoft Visual Studio Solution File, Format Version 12.00
# Visual Studio Version 17
VisualStudioVersion = 17.5.002.0
MinimumVisualStudioVersion = 10.0.40219.1
Project("{9A19103F-16F7-4668-BE54-9A1E7A4F7556}") = "IonMod", "IonMod\IonMod.csproj", "{087A1C5B-A8F9-415D-A7BE-2486B454D37E}"
EndProject
Global
	GlobalSection(SolutionConfigurationPlatforms) = preSolution
		Debug|Any CPU = Debug|Any CPU
		Release|Any CPU = Release|Any CPU
	EndGlobalSection
	GlobalSection(ProjectConfigurationPlatforms) = postSolution
		{087A1C5B-A8F9-415D-A7BE-2486B454D37E}.Debug|Any CPU.ActiveCfg = Debug|Any CPU
		{087A1C5B-A8F9-415D-A7BE-2486B454D37E}.Debug|Any CPU.Build.0 = Debug|Any CPU
		{087A1C5B-A8F9-415D-A7BE-2486B454D37E}.Release|Any CPU.ActiveCfg = Release|Any CPU
		{087A1C5B-A8F9-415D-A7BE-2486B454D37E}.Release|Any CPU.Build.0 = Release|Any CPU
		{67A3239D-5609-42A8-AACB-12EDEB294A81}.Debug|Any CPU.ActiveCfg = Debug|Any CPU
		{67A3239D-5609-42A8-AACB-12EDEB294A81}.Debug|Any CPU.Build.0 = Debug|Any CPU
		{67A3239D-5609-42A8-AACB-12EDEB294A81}.Release|Any CPU.ActiveCfg = Release|Any CPU
		{67A3239D-5609-42A8-AACB-12EDEB294A81}.Release|Any CPU.Build.0 = Release|Any CPU
	EndGlobalSection
	GlobalSection(SolutionProperties) = preSolution
		HideSolutionNode = FALSE
	EndGlobalSection
	GlobalSection(ExtensibilityGlobals) = postSolution
		SolutionGuid = {BEFA8DCC-3A8A-4BD0-90DD-9A0328FB208C}
	EndGlobalSection
EndGlobal
